
Microsoft Visual Studio Solution File, Format Version 12.00
# Visual Studio Version 16
VisualStudioVersion = 16.0.32802.440
MinimumVisualStudioVersion = 10.0.40219.1
Project("{FAE04EC0-301F-11D3-BF4B-00C04F79EFBC}") = "wielowątkowość", "wielowątkowość\wielowątkowość.csproj", "{181BA080-4FD7-4114-817A-D5BD330F53A7}"
EndProject
Global
	GlobalSection(SolutionConfigurationPlatforms) = preSolution
		Debug|Any CPU = Debug|Any CPU
		Release|Any CPU = Release|Any CPU
	EndGlobalSection
	GlobalSection(ProjectConfigurationPlatforms) = postSolution
		{181BA080-4FD7-4114-817A-D5BD330F53A7}.Debug|Any CPU.ActiveCfg = Debug|Any CPU
		{181BA080-4FD7-4114-817A-D5BD330F53A7}.Debug|Any CPU.Build.0 = Debug|Any CPU
		{181BA080-4FD7-4114-817A-D5BD330F53A7}.Release|Any CPU.ActiveCfg = Release|Any CPU
		{181BA080-4FD7-4114-817A-D5BD330F53A7}.Release|Any CPU.Build.0 = Release|Any CPU
	EndGlobalSection
	GlobalSection(SolutionProperties) = preSolution
		HideSolutionNode = FALSE
	EndGlobalSection
	GlobalSection(ExtensibilityGlobals) = postSolution
		SolutionGuid = {6E542E8E-9D72-4AE8-AF66-8F8DD3C73B45}
	EndGlobalSection
EndGlobal
