
Microsoft Visual Studio Solution File, Format Version 12.00
# Visual Studio Version 16
VisualStudioVersion = 16.0.32228.343
MinimumVisualStudioVersion = 10.0.40219.1
Project("{9A19103F-16F7-4668-BE54-9A1E7A4F7556}") = "PierwszyProjektMVVM", "PierwszyProjektMVVM\PierwszyProjektMVVM.csproj", "{A35CA58A-822E-45FA-9DDF-90A6DC0E7EB7}"
EndProject
Project("{2150E333-8FDC-42A3-9474-1A3956D46DE8}") = "WPF", "WPF", "{FA52BC4A-1978-458C-818F-34A58FCA554D}"
EndProject
Project("{FAE04EC0-301F-11D3-BF4B-00C04F79EFBC}") = "UtilitiesWPF", "UtilitiesWPF\UtilitiesWPF.csproj", "{47232172-08DE-4F01-A59A-1015CBF5139B}"
EndProject
Global
	GlobalSection(SolutionConfigurationPlatforms) = preSolution
		Debug|Any CPU = Debug|Any CPU
		Release|Any CPU = Release|Any CPU
	EndGlobalSection
	GlobalSection(ProjectConfigurationPlatforms) = postSolution
		{A35CA58A-822E-45FA-9DDF-90A6DC0E7EB7}.Debug|Any CPU.ActiveCfg = Debug|Any CPU
		{A35CA58A-822E-45FA-9DDF-90A6DC0E7EB7}.Debug|Any CPU.Build.0 = Debug|Any CPU
		{A35CA58A-822E-45FA-9DDF-90A6DC0E7EB7}.Release|Any CPU.ActiveCfg = Release|Any CPU
		{A35CA58A-822E-45FA-9DDF-90A6DC0E7EB7}.Release|Any CPU.Build.0 = Release|Any CPU
		{47232172-08DE-4F01-A59A-1015CBF5139B}.Debug|Any CPU.ActiveCfg = Debug|Any CPU
		{47232172-08DE-4F01-A59A-1015CBF5139B}.Debug|Any CPU.Build.0 = Debug|Any CPU
		{47232172-08DE-4F01-A59A-1015CBF5139B}.Release|Any CPU.ActiveCfg = Release|Any CPU
		{47232172-08DE-4F01-A59A-1015CBF5139B}.Release|Any CPU.Build.0 = Release|Any CPU
	EndGlobalSection
	GlobalSection(SolutionProperties) = preSolution
		HideSolutionNode = FALSE
	EndGlobalSection
	GlobalSection(NestedProjects) = preSolution
		{47232172-08DE-4F01-A59A-1015CBF5139B} = {FA52BC4A-1978-458C-818F-34A58FCA554D}
	EndGlobalSection
	GlobalSection(ExtensibilityGlobals) = postSolution
		SolutionGuid = {F89C182D-158D-48BB-835F-6C3C46958846}
	EndGlobalSection
EndGlobal
